
Microsoft Visual Studio Solution File, Format Version 12.00
# Visual Studio 15
Project("{FAE04EC0-301F-11D3-BF4B-00C04F79EFBC}") = "TennisGame", "TennisGameTests\TennisGame.csproj", "{9806F940-FD73-4EFB-A8F3-0BF33E67B136}"
EndProject
Global
	GlobalSection(SolutionConfigurationPlatforms) = preSolution
		Debug|Any CPU = Debug|Any CPU
		Release|Any CPU = Release|Any CPU
	EndGlobalSection
	GlobalSection(ProjectConfigurationPlatforms) = postSolution
		{9806F940-FD73-4EFB-A8F3-0BF33E67B136}.Debug|Any CPU.ActiveCfg = Debug|Any CPU
		{9806F940-FD73-4EFB-A8F3-0BF33E67B136}.Debug|Any CPU.Build.0 = Debug|Any CPU
		{9806F940-FD73-4EFB-A8F3-0BF33E67B136}.Release|Any CPU.ActiveCfg = Release|Any CPU
		{9806F940-FD73-4EFB-A8F3-0BF33E67B136}.Release|Any CPU.Build.0 = Release|Any CPU
	EndGlobalSection
EndGlobal
